
Microsoft Visual Studio Solution File, Format Version 12.00
# Visual Studio Version 17
VisualStudioVersion = 17.10.35013.160
MinimumVisualStudioVersion = 10.0.40219.1
Project("{FAE04EC0-301F-11D3-BF4B-00C04F79EFBC}") = "EmployeePortal", "EmployeePortal\EmployeePortal.csproj", "{4E21C894-689C-4D19-920A-28F1A14EE26D}"
EndProject
Global
	GlobalSection(SolutionConfigurationPlatforms) = preSolution
		Debug|Any CPU = Debug|Any CPU
		Release|Any CPU = Release|Any CPU
	EndGlobalSection
	GlobalSection(ProjectConfigurationPlatforms) = postSolution
		{4E21C894-689C-4D19-920A-28F1A14EE26D}.Debug|Any CPU.ActiveCfg = Debug|Any CPU
		{4E21C894-689C-4D19-920A-28F1A14EE26D}.Debug|Any CPU.Build.0 = Debug|Any CPU
		{4E21C894-689C-4D19-920A-28F1A14EE26D}.Release|Any CPU.ActiveCfg = Release|Any CPU
		{4E21C894-689C-4D19-920A-28F1A14EE26D}.Release|Any CPU.Build.0 = Release|Any CPU
	EndGlobalSection
	GlobalSection(SolutionProperties) = preSolution
		HideSolutionNode = FALSE
	EndGlobalSection
	GlobalSection(ExtensibilityGlobals) = postSolution
		SolutionGuid = {126A72FE-1E15-4DBB-A472-BDD74A0E5A01}
	EndGlobalSection
EndGlobal
